{
  "name": "snapcord",
  "version": "1.0.0",
  "lockfileVersion": 1,
  "requires": true,
  "dependencies": {
    "@types/node": {
      "version": "13.1.2",
      "resolved": "https://registry.npmjs.org/@types/node/-/node-13.1.2.tgz",
      "integrity": "sha512-B8emQA1qeKerqd1dmIsQYnXi+mmAzTB7flExjmy5X1aVAKFNNNDubkavwR13kR6JnpeLp3aLoJhwn9trWPAyFQ==",
      "dev": true
    },
    "eris": {
      "version": "0.11.2",
      "requires": {
        "opusscript": "^0.0.7",
        "tweetnacl": "^1.0.1",
        "ws": "^7.2.1"
      }
    },
    "opusscript": {
      "version": "0.0.7",
      "resolved": "https://registry.npmjs.org/opusscript/-/opusscript-0.0.7.tgz",
      "integrity": "sha512-DcBadTdYTUuH9zQtepsLjQn4Ll6rs3dmeFvN+SD0ThPnxRBRm/WC1zXWPg+wgAJimB784gdZvUMA57gDP7FdVg==",
      "optional": true
    },
    "tweetnacl": {
      "version": "1.0.1",
      "resolved": "https://registry.npmjs.org/tweetnacl/-/tweetnacl-1.0.1.tgz",
      "integrity": "sha512-kcoMoKTPYnoeS50tzoqjPY3Uv9axeuuFAZY9M/9zFnhoVvRfxz9K29IMPD7jGmt2c8SW7i3gT9WqDl2+nV7p4A==",
      "optional": true
    },
    "ws": {
      "version": "7.2.1",
      "resolved": "https://registry.npmjs.org/ws/-/ws-7.2.1.tgz",
      "integrity": "sha512-sucePNSafamSKoOqoNfBd8V0StlkzJKL2ZAhGQinCfNQ+oacw+Pk7lcdAElecBF2VkLNZRiIb5Oi1Q5lVUVt2A=="
    }
  }
}
